// !$*UTF8*$!
{
	archiveVersion = 1;
	classes = {
	};
	objectVersion = 55;
	objects = {

/* Begin PBXBuildFile section */
		F00597E3292AB18400CD209E /* UserInfoVC.swift in Sources */ = {isa = PBXBuildFile; fileRef = F00597E2292AB18400CD209E /* UserInfoVC.swift */; };
		F00E895B2926A9D40033E7CB /* Follower.swift in Sources */ = {isa = PBXBuildFile; fileRef = F00E895A2926A9D30033E7CB /* Follower.swift */; };
		F00E895E2926AB7A0033E7CB /* User.swift in Sources */ = {isa = PBXBuildFile; fileRef = F00E895D2926AB7A0033E7CB /* User.swift */; };
		F00E89612926B0840033E7CB /* NetworkManager.swift in Sources */ = {isa = PBXBuildFile; fileRef = F00E89602926B0840033E7CB /* NetworkManager.swift */; };
		F00E89642926C4B40033E7CB /* ErrorMessage.swift in Sources */ = {isa = PBXBuildFile; fileRef = F00E89632926C4B40033E7CB /* ErrorMessage.swift */; };
		F05431E929210F0900DBF10A /* GFButton.swift in Sources */ = {isa = PBXBuildFile; fileRef = F05431E829210F0900DBF10A /* GFButton.swift */; };
		F05431EB29211D8600DBF10A /* GFTextField.swift in Sources */ = {isa = PBXBuildFile; fileRef = F05431EA29211D8600DBF10A /* GFTextField.swift */; };
		F07383B42922D65A00BE9378 /* FollowersListVC.swift in Sources */ = {isa = PBXBuildFile; fileRef = F07383B32922D65A00BE9378 /* FollowersListVC.swift */; };
		F08736CA292561E000E98497 /* GFTitleLabel.swift in Sources */ = {isa = PBXBuildFile; fileRef = F08736C9292561E000E98497 /* GFTitleLabel.swift */; };
		F08736CE292563CE00E98497 /* GFBodyLabel.swift in Sources */ = {isa = PBXBuildFile; fileRef = F08736CD292563CE00E98497 /* GFBodyLabel.swift */; };
		F08736D0292564AC00E98497 /* GFAlertVC.swift in Sources */ = {isa = PBXBuildFile; fileRef = F08736CF292564AC00E98497 /* GFAlertVC.swift */; };
		F08736D229256CBB00E98497 /* UIViewController+Ext.swift in Sources */ = {isa = PBXBuildFile; fileRef = F08736D129256CBB00E98497 /* UIViewController+Ext.swift */; };
		F08EC73E292029C30057DB90 /* AppDelegate.swift in Sources */ = {isa = PBXBuildFile; fileRef = F08EC73D292029C30057DB90 /* AppDelegate.swift */; };
		F08EC740292029C30057DB90 /* SceneDelegate.swift in Sources */ = {isa = PBXBuildFile; fileRef = F08EC73F292029C30057DB90 /* SceneDelegate.swift */; };
		F08EC747292029C40057DB90 /* Assets.xcassets in Resources */ = {isa = PBXBuildFile; fileRef = F08EC746292029C40057DB90 /* Assets.xcassets */; };
		F08EC74A292029C40057DB90 /* LaunchScreen.storyboard in Resources */ = {isa = PBXBuildFile; fileRef = F08EC748292029C40057DB90 /* LaunchScreen.storyboard */; };
		F08EC75229202F6D0057DB90 /* SearchVC.swift in Sources */ = {isa = PBXBuildFile; fileRef = F08EC75129202F6D0057DB90 /* SearchVC.swift */; };
		F08EC75429202FA30057DB90 /* FavoritesListVC.swift in Sources */ = {isa = PBXBuildFile; fileRef = F08EC75329202FA30057DB90 /* FavoritesListVC.swift */; };
		F09568B6292BE32400B346BB /* GFUserInfoHeaderVC.swift in Sources */ = {isa = PBXBuildFile; fileRef = F09568B5292BE32400B346BB /* GFUserInfoHeaderVC.swift */; };
		F09568B8292BE43900B346BB /* GFSecondaryTitleLable.swift in Sources */ = {isa = PBXBuildFile; fileRef = F09568B7292BE43900B346BB /* GFSecondaryTitleLable.swift */; };
		F09568BA292BEBDF00B346BB /* Constants.swift in Sources */ = {isa = PBXBuildFile; fileRef = F09568B9292BEBDF00B346BB /* Constants.swift */; };
		F0BB312C2927F3A000F9807D /* FollowerCell.swift in Sources */ = {isa = PBXBuildFile; fileRef = F0BB312B2927F3A000F9807D /* FollowerCell.swift */; };
		F0BB312E2927F43D00F9807D /* GFAvatarImageView.swift in Sources */ = {isa = PBXBuildFile; fileRef = F0BB312D2927F43D00F9807D /* GFAvatarImageView.swift */; };
		F0BB3130292815D500F9807D /* UIHelper.swift in Sources */ = {isa = PBXBuildFile; fileRef = F0BB312F292815D500F9807D /* UIHelper.swift */; };
		F0EB14E229292C4B00BB9E0E /* GFEmptyStateView.swift in Sources */ = {isa = PBXBuildFile; fileRef = F0EB14E129292C4B00BB9E0E /* GFEmptyStateView.swift */; };
/* End PBXBuildFile section */

/* Begin PBXFileReference section */
		F00597E2292AB18400CD209E /* UserInfoVC.swift */ = {isa = PBXFileReference; lastKnownFileType = sourcecode.swift; path = UserInfoVC.swift; sourceTree = "<group>"; };
		F00E895A2926A9D30033E7CB /* Follower.swift */ = {isa = PBXFileReference; lastKnownFileType = sourcecode.swift; path = Follower.swift; sourceTree = "<group>"; };
		F00E895D2926AB7A0033E7CB /* User.swift */ = {isa = PBXFileReference; lastKnownFileType = sourcecode.swift; path = User.swift; sourceTree = "<group>"; };
		F00E89602926B0840033E7CB /* NetworkManager.swift */ = {isa = PBXFileReference; lastKnownFileType = sourcecode.swift; path = NetworkManager.swift; sourceTree = "<group>"; };
		F00E89632926C4B40033E7CB /* ErrorMessage.swift */ = {isa = PBXFileReference; lastKnownFileType = sourcecode.swift; path = ErrorMessage.swift; sourceTree = "<group>"; };
		F05431E829210F0900DBF10A /* GFButton.swift */ = {isa = PBXFileReference; lastKnownFileType = sourcecode.swift; path = GFButton.swift; sourceTree = "<group>"; };
		F05431EA29211D8600DBF10A /* GFTextField.swift */ = {isa = PBXFileReference; lastKnownFileType = sourcecode.swift; path = GFTextField.swift; sourceTree = "<group>"; };
		F07383B32922D65A00BE9378 /* FollowersListVC.swift */ = {isa = PBXFileReference; lastKnownFileType = sourcecode.swift; path = FollowersListVC.swift; sourceTree = "<group>"; };
		F08736C9292561E000E98497 /* GFTitleLabel.swift */ = {isa = PBXFileReference; lastKnownFileType = sourcecode.swift; path = GFTitleLabel.swift; sourceTree = "<group>"; };
		F08736CD292563CE00E98497 /* GFBodyLabel.swift */ = {isa = PBXFileReference; lastKnownFileType = sourcecode.swift; path = GFBodyLabel.swift; sourceTree = "<group>"; };
		F08736CF292564AC00E98497 /* GFAlertVC.swift */ = {isa = PBXFileReference; lastKnownFileType = sourcecode.swift; path = GFAlertVC.swift; sourceTree = "<group>"; };
		F08736D129256CBB00E98497 /* UIViewController+Ext.swift */ = {isa = PBXFileReference; lastKnownFileType = sourcecode.swift; path = "UIViewController+Ext.swift"; sourceTree = "<group>"; };
		F08EC73A292029C30057DB90 /* GHFollowers.app */ = {isa = PBXFileReference; explicitFileType = wrapper.application; includeInIndex = 0; path = GHFollowers.app; sourceTree = BUILT_PRODUCTS_DIR; };
		F08EC73D292029C30057DB90 /* AppDelegate.swift */ = {isa = PBXFileReference; lastKnownFileType = sourcecode.swift; path = AppDelegate.swift; sourceTree = "<group>"; };
		F08EC73F292029C30057DB90 /* SceneDelegate.swift */ = {isa = PBXFileReference; lastKnownFileType = sourcecode.swift; path = SceneDelegate.swift; sourceTree = "<group>"; };
		F08EC746292029C40057DB90 /* Assets.xcassets */ = {isa = PBXFileReference; lastKnownFileType = folder.assetcatalog; path = Assets.xcassets; sourceTree = "<group>"; };
		F08EC749292029C40057DB90 /* Base */ = {isa = PBXFileReference; lastKnownFileType = file.storyboard; name = Base; path = Base.lproj/LaunchScreen.storyboard; sourceTree = "<group>"; };
		F08EC74B292029C40057DB90 /* Info.plist */ = {isa = PBXFileReference; lastKnownFileType = text.plist.xml; path = Info.plist; sourceTree = "<group>"; };
		F08EC75129202F6D0057DB90 /* SearchVC.swift */ = {isa = PBXFileReference; lastKnownFileType = sourcecode.swift; path = SearchVC.swift; sourceTree = "<group>"; };
		F08EC75329202FA30057DB90 /* FavoritesListVC.swift */ = {isa = PBXFileReference; lastKnownFileType = sourcecode.swift; path = FavoritesListVC.swift; sourceTree = "<group>"; };
		F09568B5292BE32400B346BB /* GFUserInfoHeaderVC.swift */ = {isa = PBXFileReference; lastKnownFileType = sourcecode.swift; path = GFUserInfoHeaderVC.swift; sourceTree = "<group>"; };
		F09568B7292BE43900B346BB /* GFSecondaryTitleLable.swift */ = {isa = PBXFileReference; lastKnownFileType = sourcecode.swift; path = GFSecondaryTitleLable.swift; sourceTree = "<group>"; };
		F09568B9292BEBDF00B346BB /* Constants.swift */ = {isa = PBXFileReference; lastKnownFileType = sourcecode.swift; path = Constants.swift; sourceTree = "<group>"; };
		F0BB312B2927F3A000F9807D /* FollowerCell.swift */ = {isa = PBXFileReference; lastKnownFileType = sourcecode.swift; path = FollowerCell.swift; sourceTree = "<group>"; };
		F0BB312D2927F43D00F9807D /* GFAvatarImageView.swift */ = {isa = PBXFileReference; lastKnownFileType = sourcecode.swift; path = GFAvatarImageView.swift; sourceTree = "<group>"; };
		F0BB312F292815D500F9807D /* UIHelper.swift */ = {isa = PBXFileReference; lastKnownFileType = sourcecode.swift; path = UIHelper.swift; sourceTree = "<group>"; };
		F0EB14E129292C4B00BB9E0E /* GFEmptyStateView.swift */ = {isa = PBXFileReference; lastKnownFileType = sourcecode.swift; path = GFEmptyStateView.swift; sourceTree = "<group>"; };
/* End PBXFileReference section */

/* Begin PBXFrameworksBuildPhase section */
		F08EC737292029C30057DB90 /* Frameworks */ = {
			isa = PBXFrameworksBuildPhase;
			buildActionMask = 2147483647;
			files = (
			);
			runOnlyForDeploymentPostprocessing = 0;
		};
/* End PBXFrameworksBuildPhase section */

/* Begin PBXGroup section */
		F00E895C2926AB660033E7CB /* Models */ = {
			isa = PBXGroup;
			children = (
				F00E895A2926A9D30033E7CB /* Follower.swift */,
				F00E895D2926AB7A0033E7CB /* User.swift */,
			);
			path = Models;
			sourceTree = "<group>";
		};
		F00E895F2926B0730033E7CB /* Managers */ = {
			isa = PBXGroup;
			children = (
				F00E89602926B0840033E7CB /* NetworkManager.swift */,
			);
			path = Managers;
			sourceTree = "<group>";
		};
		F00E89622926C4A10033E7CB /* Utilities */ = {
			isa = PBXGroup;
			children = (
				F00E89632926C4B40033E7CB /* ErrorMessage.swift */,
				F0BB312F292815D500F9807D /* UIHelper.swift */,
				F09568B9292BEBDF00B346BB /* Constants.swift */,
			);
			path = Utilities;
			sourceTree = "<group>";
		};
		F0364C8A2925738200FC5A3D /* CustomViews */ = {
			isa = PBXGroup;
			children = (
				F09568B4292BE30100B346BB /* ViewControllers */,
				F09568B3292BE2F500B346BB /* Views */,
				F09568B2292BE2E700B346BB /* TextFields */,
				F09568B1292BE2CB00B346BB /* Buttons */,
				F09568B0292BE2B900B346BB /* Labels */,
				F0BB312A2927F36700F9807D /* Cells */,
			);
			path = CustomViews;
			sourceTree = "<group>";
		};
		F0364C8B292573BA00FC5A3D /* Extensions */ = {
			isa = PBXGroup;
			children = (
				F08736D129256CBB00E98497 /* UIViewController+Ext.swift */,
			);
			path = Extensions;
			sourceTree = "<group>";
		};
		F08736D82925733D00E98497 /* Screens */ = {
			isa = PBXGroup;
			children = (
				F08EC75329202FA30057DB90 /* FavoritesListVC.swift */,
				F08EC75129202F6D0057DB90 /* SearchVC.swift */,
				F07383B32922D65A00BE9378 /* FollowersListVC.swift */,
				F00597E2292AB18400CD209E /* UserInfoVC.swift */,
			);
			path = Screens;
			sourceTree = "<group>";
		};
		F08736D92925735800E98497 /* Support */ = {
			isa = PBXGroup;
			children = (
				F08EC73D292029C30057DB90 /* AppDelegate.swift */,
				F08EC746292029C40057DB90 /* Assets.xcassets */,
				F08EC748292029C40057DB90 /* LaunchScreen.storyboard */,
				F08EC73F292029C30057DB90 /* SceneDelegate.swift */,
			);
			path = Support;
			sourceTree = "<group>";
		};
		F08EC731292029C30057DB90 = {
			isa = PBXGroup;
			children = (
				F08EC73C292029C30057DB90 /* GHFollowers */,
				F08EC73B292029C30057DB90 /* Products */,
			);
			sourceTree = "<group>";
		};
		F08EC73B292029C30057DB90 /* Products */ = {
			isa = PBXGroup;
			children = (
				F08EC73A292029C30057DB90 /* GHFollowers.app */,
			);
			name = Products;
			sourceTree = "<group>";
		};
		F08EC73C292029C30057DB90 /* GHFollowers */ = {
			isa = PBXGroup;
			children = (
				F00E89622926C4A10033E7CB /* Utilities */,
				F00E895F2926B0730033E7CB /* Managers */,
				F00E895C2926AB660033E7CB /* Models */,
				F0364C8B292573BA00FC5A3D /* Extensions */,
				F0364C8A2925738200FC5A3D /* CustomViews */,
				F08736D92925735800E98497 /* Support */,
				F08736D82925733D00E98497 /* Screens */,
				F08EC74B292029C40057DB90 /* Info.plist */,
			);
			path = GHFollowers;
			sourceTree = "<group>";
		};
		F09568B0292BE2B900B346BB /* Labels */ = {
			isa = PBXGroup;
			children = (
				F08736C9292561E000E98497 /* GFTitleLabel.swift */,
				F08736CD292563CE00E98497 /* GFBodyLabel.swift */,
				F09568B7292BE43900B346BB /* GFSecondaryTitleLable.swift */,
			);
			path = Labels;
			sourceTree = "<group>";
		};
		F09568B1292BE2CB00B346BB /* Buttons */ = {
			isa = PBXGroup;
			children = (
				F05431E829210F0900DBF10A /* GFButton.swift */,
			);
			path = Buttons;
			sourceTree = "<group>";
		};
		F09568B2292BE2E700B346BB /* TextFields */ = {
			isa = PBXGroup;
			children = (
				F05431EA29211D8600DBF10A /* GFTextField.swift */,
			);
			path = TextFields;
			sourceTree = "<group>";
		};
		F09568B3292BE2F500B346BB /* Views */ = {
			isa = PBXGroup;
			children = (
				F0EB14E129292C4B00BB9E0E /* GFEmptyStateView.swift */,
				F0BB312D2927F43D00F9807D /* GFAvatarImageView.swift */,
			);
			path = Views;
			sourceTree = "<group>";
		};
		F09568B4292BE30100B346BB /* ViewControllers */ = {
			isa = PBXGroup;
			children = (
				F08736CF292564AC00E98497 /* GFAlertVC.swift */,
				F09568B5292BE32400B346BB /* GFUserInfoHeaderVC.swift */,
			);
			path = ViewControllers;
			sourceTree = "<group>";
		};
		F0BB312A2927F36700F9807D /* Cells */ = {
			isa = PBXGroup;
			children = (
				F0BB312B2927F3A000F9807D /* FollowerCell.swift */,
			);
			path = Cells;
			sourceTree = "<group>";
		};
/* End PBXGroup section */

/* Begin PBXNativeTarget section */
		F08EC739292029C30057DB90 /* GHFollowers */ = {
			isa = PBXNativeTarget;
			buildConfigurationList = F08EC74E292029C40057DB90 /* Build configuration list for PBXNativeTarget "GHFollowers" */;
			buildPhases = (
				F08EC736292029C30057DB90 /* Sources */,
				F08EC737292029C30057DB90 /* Frameworks */,
				F08EC738292029C30057DB90 /* Resources */,
			);
			buildRules = (
			);
			dependencies = (
			);
			name = GHFollowers;
			productName = GHFollowers;
			productReference = F08EC73A292029C30057DB90 /* GHFollowers.app */;
			productType = "com.apple.product-type.application";
		};
/* End PBXNativeTarget section */

/* Begin PBXProject section */
		F08EC732292029C30057DB90 /* Project object */ = {
			isa = PBXProject;
			attributes = {
				BuildIndependentTargetsInParallel = 1;
				LastSwiftUpdateCheck = 1320;
				LastUpgradeCheck = 1320;
				TargetAttributes = {
					F08EC739292029C30057DB90 = {
						CreatedOnToolsVersion = 13.2.1;
					};
				};
			};
			buildConfigurationList = F08EC735292029C30057DB90 /* Build configuration list for PBXProject "GHFollowers" */;
			compatibilityVersion = "Xcode 13.0";
			developmentRegion = en;
			hasScannedForEncodings = 0;
			knownRegions = (
				en,
				Base,
			);
			mainGroup = F08EC731292029C30057DB90;
			productRefGroup = F08EC73B292029C30057DB90 /* Products */;
			projectDirPath = "";
			projectRoot = "";
			targets = (
				F08EC739292029C30057DB90 /* GHFollowers */,
			);
		};
/* End PBXProject section */

/* Begin PBXResourcesBuildPhase section */
		F08EC738292029C30057DB90 /* Resources */ = {
			isa = PBXResourcesBuildPhase;
			buildActionMask = 2147483647;
			files = (
				F08EC74A292029C40057DB90 /* LaunchScreen.storyboard in Resources */,
				F08EC747292029C40057DB90 /* Assets.xcassets in Resources */,
			);
			runOnlyForDeploymentPostprocessing = 0;
		};
/* End PBXResourcesBuildPhase section */

/* Begin PBXSourcesBuildPhase section */
		F08EC736292029C30057DB90 /* Sources */ = {
			isa = PBXSourcesBuildPhase;
			buildActionMask = 2147483647;
			files = (
				F00E895E2926AB7A0033E7CB /* User.swift in Sources */,
				F05431EB29211D8600DBF10A /* GFTextField.swift in Sources */,
				F07383B42922D65A00BE9378 /* FollowersListVC.swift in Sources */,
				F08EC75429202FA30057DB90 /* FavoritesListVC.swift in Sources */,
				F00E895B2926A9D40033E7CB /* Follower.swift in Sources */,
				F0BB3130292815D500F9807D /* UIHelper.swift in Sources */,
				F09568BA292BEBDF00B346BB /* Constants.swift in Sources */,
				F0BB312E2927F43D00F9807D /* GFAvatarImageView.swift in Sources */,
				F08736D229256CBB00E98497 /* UIViewController+Ext.swift in Sources */,
				F05431E929210F0900DBF10A /* GFButton.swift in Sources */,
				F09568B8292BE43900B346BB /* GFSecondaryTitleLable.swift in Sources */,
				F0BB312C2927F3A000F9807D /* FollowerCell.swift in Sources */,
				F00E89642926C4B40033E7CB /* ErrorMessage.swift in Sources */,
				F09568B6292BE32400B346BB /* GFUserInfoHeaderVC.swift in Sources */,
				F08736D0292564AC00E98497 /* GFAlertVC.swift in Sources */,
				F08736CE292563CE00E98497 /* GFBodyLabel.swift in Sources */,
				F08736CA292561E000E98497 /* GFTitleLabel.swift in Sources */,
				F0EB14E229292C4B00BB9E0E /* GFEmptyStateView.swift in Sources */,
				F00E89612926B0840033E7CB /* NetworkManager.swift in Sources */,
				F08EC75229202F6D0057DB90 /* SearchVC.swift in Sources */,
				F08EC73E292029C30057DB90 /* AppDelegate.swift in Sources */,
				F08EC740292029C30057DB90 /* SceneDelegate.swift in Sources */,
				F00597E3292AB18400CD209E /* UserInfoVC.swift in Sources */,
			);
			runOnlyForDeploymentPostprocessing = 0;
		};
/* End PBXSourcesBuildPhase section */

/* Begin PBXVariantGroup section */
		F08EC748292029C40057DB90 /* LaunchScreen.storyboard */ = {
			isa = PBXVariantGroup;
			children = (
				F08EC749292029C40057DB90 /* Base */,
			);
			name = LaunchScreen.storyboard;
			sourceTree = "<group>";
		};
/* End PBXVariantGroup section */

/* Begin XCBuildConfiguration section */
		F08EC74C292029C40057DB90 /* Debug */ = {
			isa = XCBuildConfiguration;
			buildSettings = {
				ALWAYS_SEARCH_USER_PATHS = NO;
				CLANG_ANALYZER_NONNULL = YES;
				CLANG_ANALYZER_NUMBER_OBJECT_CONVERSION = YES_AGGRESSIVE;
				CLANG_CXX_LANGUAGE_STANDARD = "gnu++17";
				CLANG_CXX_LIBRARY = "libc++";
				CLANG_ENABLE_MODULES = YES;
				CLANG_ENABLE_OBJC_ARC = YES;
				CLANG_ENABLE_OBJC_WEAK = YES;
				CLANG_WARN_BLOCK_CAPTURE_AUTORELEASING = YES;
				CLANG_WARN_BOOL_CONVERSION = YES;
				CLANG_WARN_COMMA = YES;
				CLANG_WARN_CONSTANT_CONVERSION = YES;
				CLANG_WARN_DEPRECATED_OBJC_IMPLEMENTATIONS = YES;
				CLANG_WARN_DIRECT_OBJC_ISA_USAGE = YES_ERROR;
				CLANG_WARN_DOCUMENTATION_COMMENTS = YES;
				CLANG_WARN_EMPTY_BODY = YES;
				CLANG_WARN_ENUM_CONVERSION = YES;
				CLANG_WARN_INFINITE_RECURSION = YES;
				CLANG_WARN_INT_CONVERSION = YES;
				CLANG_WARN_NON_LITERAL_NULL_CONVERSION = YES;
				CLANG_WARN_OBJC_IMPLICIT_RETAIN_SELF = YES;
				CLANG_WARN_OBJC_LITERAL_CONVERSION = YES;
				CLANG_WARN_OBJC_ROOT_CLASS = YES_ERROR;
				CLANG_WARN_QUOTED_INCLUDE_IN_FRAMEWORK_HEADER = YES;
				CLANG_WARN_RANGE_LOOP_ANALYSIS = YES;
				CLANG_WARN_STRICT_PROTOTYPES = YES;
				CLANG_WARN_SUSPICIOUS_MOVE = YES;
				CLANG_WARN_UNGUARDED_AVAILABILITY = YES_AGGRESSIVE;
				CLANG_WARN_UNREACHABLE_CODE = YES;
				CLANG_WARN__DUPLICATE_METHOD_MATCH = YES;
				COPY_PHASE_STRIP = NO;
				DEBUG_INFORMATION_FORMAT = dwarf;
				ENABLE_STRICT_OBJC_MSGSEND = YES;
				ENABLE_TESTABILITY = YES;
				GCC_C_LANGUAGE_STANDARD = gnu11;
				GCC_DYNAMIC_NO_PIC = NO;
				GCC_NO_COMMON_BLOCKS = YES;
				GCC_OPTIMIZATION_LEVEL = 0;
				GCC_PREPROCESSOR_DEFINITIONS = (
					"DEBUG=1",
					"$(inherited)",
				);
				GCC_WARN_64_TO_32_BIT_CONVERSION = YES;
				GCC_WARN_ABOUT_RETURN_TYPE = YES_ERROR;
				GCC_WARN_UNDECLARED_SELECTOR = YES;
				GCC_WARN_UNINITIALIZED_AUTOS = YES_AGGRESSIVE;
				GCC_WARN_UNUSED_FUNCTION = YES;
				GCC_WARN_UNUSED_VARIABLE = YES;
				IPHONEOS_DEPLOYMENT_TARGET = 15.2;
				MTL_ENABLE_DEBUG_INFO = INCLUDE_SOURCE;
				MTL_FAST_MATH = YES;
				ONLY_ACTIVE_ARCH = YES;
				SDKROOT = iphoneos;
				SWIFT_ACTIVE_COMPILATION_CONDITIONS = DEBUG;
				SWIFT_OPTIMIZATION_LEVEL = "-Onone";
			};
			name = Debug;
		};
		F08EC74D292029C40057DB90 /* Release */ = {
			isa = XCBuildConfiguration;
			buildSettings = {
				ALWAYS_SEARCH_USER_PATHS = NO;
				CLANG_ANALYZER_NONNULL = YES;
				CLANG_ANALYZER_NUMBER_OBJECT_CONVERSION = YES_AGGRESSIVE;
				CLANG_CXX_LANGUAGE_STANDARD = "gnu++17";
				CLANG_CXX_LIBRARY = "libc++";
				CLANG_ENABLE_MODULES = YES;
				CLANG_ENABLE_OBJC_ARC = YES;
				CLANG_ENABLE_OBJC_WEAK = YES;
				CLANG_WARN_BLOCK_CAPTURE_AUTORELEASING = YES;
				CLANG_WARN_BOOL_CONVERSION = YES;
				CLANG_WARN_COMMA = YES;
				CLANG_WARN_CONSTANT_CONVERSION = YES;
				CLANG_WARN_DEPRECATED_OBJC_IMPLEMENTATIONS = YES;
				CLANG_WARN_DIRECT_OBJC_ISA_USAGE = YES_ERROR;
				CLANG_WARN_DOCUMENTATION_COMMENTS = YES;
				CLANG_WARN_EMPTY_BODY = YES;
				CLANG_WARN_ENUM_CONVERSION = YES;
				CLANG_WARN_INFINITE_RECURSION = YES;
				CLANG_WARN_INT_CONVERSION = YES;
				CLANG_WARN_NON_LITERAL_NULL_CONVERSION = YES;
				CLANG_WARN_OBJC_IMPLICIT_RETAIN_SELF = YES;
				CLANG_WARN_OBJC_LITERAL_CONVERSION = YES;
				CLANG_WARN_OBJC_ROOT_CLASS = YES_ERROR;
				CLANG_WARN_QUOTED_INCLUDE_IN_FRAMEWORK_HEADER = YES;
				CLANG_WARN_RANGE_LOOP_ANALYSIS = YES;
				CLANG_WARN_STRICT_PROTOTYPES = YES;
				CLANG_WARN_SUSPICIOUS_MOVE = YES;
				CLANG_WARN_UNGUARDED_AVAILABILITY = YES_AGGRESSIVE;
				CLANG_WARN_UNREACHABLE_CODE = YES;
				CLANG_WARN__DUPLICATE_METHOD_MATCH = YES;
				COPY_PHASE_STRIP = NO;
				DEBUG_INFORMATION_FORMAT = "dwarf-with-dsym";
				ENABLE_NS_ASSERTIONS = NO;
				ENABLE_STRICT_OBJC_MSGSEND = YES;
				GCC_C_LANGUAGE_STANDARD = gnu11;
				GCC_NO_COMMON_BLOCKS = YES;
				GCC_WARN_64_TO_32_BIT_CONVERSION = YES;
				GCC_WARN_ABOUT_RETURN_TYPE = YES_ERROR;
				GCC_WARN_UNDECLARED_SELECTOR = YES;
				GCC_WARN_UNINITIALIZED_AUTOS = YES_AGGRESSIVE;
				GCC_WARN_UNUSED_FUNCTION = YES;
				GCC_WARN_UNUSED_VARIABLE = YES;
				IPHONEOS_DEPLOYMENT_TARGET = 15.2;
				MTL_ENABLE_DEBUG_INFO = NO;
				MTL_FAST_MATH = YES;
				SDKROOT = iphoneos;
				SWIFT_COMPILATION_MODE = wholemodule;
				SWIFT_OPTIMIZATION_LEVEL = "-O";
				VALIDATE_PRODUCT = YES;
			};
			name = Release;
		};
		F08EC74F292029C40057DB90 /* Debug */ = {
			isa = XCBuildConfiguration;
			buildSettings = {
				ASSETCATALOG_COMPILER_APPICON_NAME = AppIcon;
				ASSETCATALOG_COMPILER_GLOBAL_ACCENT_COLOR_NAME = AccentColor;
				CODE_SIGN_STYLE = Automatic;
				CURRENT_PROJECT_VERSION = 1;
				DEVELOPMENT_TEAM = 775TRJCG6B;
				GENERATE_INFOPLIST_FILE = YES;
				INFOPLIST_FILE = GHFollowers/Info.plist;
				INFOPLIST_KEY_UIApplicationSupportsIndirectInputEvents = YES;
				INFOPLIST_KEY_UILaunchStoryboardName = LaunchScreen;
				INFOPLIST_KEY_UISupportedInterfaceOrientations = UIInterfaceOrientationPortrait;
				INFOPLIST_KEY_UISupportedInterfaceOrientations_iPad = "UIInterfaceOrientationPortrait UIInterfaceOrientationPortraitUpsideDown UIInterfaceOrientationLandscapeLeft UIInterfaceOrientationLandscapeRight";
				INFOPLIST_KEY_UISupportedInterfaceOrientations_iPhone = "UIInterfaceOrientationPortrait UIInterfaceOrientationLandscapeLeft UIInterfaceOrientationLandscapeRight";
				LD_RUNPATH_SEARCH_PATHS = (
					"$(inherited)",
					"@executable_path/Frameworks",
				);
				MARKETING_VERSION = 1.0;
				PRODUCT_BUNDLE_IDENTIFIER = com.umutbariscoskun.GHFollowers;
				PRODUCT_NAME = "$(TARGET_NAME)";
				SWIFT_EMIT_LOC_STRINGS = YES;
				SWIFT_VERSION = 5.0;
				TARGETED_DEVICE_FAMILY = 1;
			};
			name = Debug;
		};
		F08EC750292029C40057DB90 /* Release */ = {
			isa = XCBuildConfiguration;
			buildSettings = {
				ASSETCATALOG_COMPILER_APPICON_NAME = AppIcon;
				ASSETCATALOG_COMPILER_GLOBAL_ACCENT_COLOR_NAME = AccentColor;
				CODE_SIGN_STYLE = Automatic;
				CURRENT_PROJECT_VERSION = 1;
				DEVELOPMENT_TEAM = 775TRJCG6B;
				GENERATE_INFOPLIST_FILE = YES;
				INFOPLIST_FILE = GHFollowers/Info.plist;
				INFOPLIST_KEY_UIApplicationSupportsIndirectInputEvents = YES;
				INFOPLIST_KEY_UILaunchStoryboardName = LaunchScreen;
				INFOPLIST_KEY_UISupportedInterfaceOrientations = UIInterfaceOrientationPortrait;
				INFOPLIST_KEY_UISupportedInterfaceOrientations_iPad = "UIInterfaceOrientationPortrait UIInterfaceOrientationPortraitUpsideDown UIInterfaceOrientationLandscapeLeft UIInterfaceOrientationLandscapeRight";
				INFOPLIST_KEY_UISupportedInterfaceOrientations_iPhone = "UIInterfaceOrientationPortrait UIInterfaceOrientationLandscapeLeft UIInterfaceOrientationLandscapeRight";
				LD_RUNPATH_SEARCH_PATHS = (
					"$(inherited)",
					"@executable_path/Frameworks",
				);
				MARKETING_VERSION = 1.0;
				PRODUCT_BUNDLE_IDENTIFIER = com.umutbariscoskun.GHFollowers;
				PRODUCT_NAME = "$(TARGET_NAME)";
				SWIFT_EMIT_LOC_STRINGS = YES;
				SWIFT_VERSION = 5.0;
				TARGETED_DEVICE_FAMILY = 1;
			};
			name = Release;
		};
/* End XCBuildConfiguration section */

/* Begin XCConfigurationList section */
		F08EC735292029C30057DB90 /* Build configuration list for PBXProject "GHFollowers" */ = {
			isa = XCConfigurationList;
			buildConfigurations = (
				F08EC74C292029C40057DB90 /* Debug */,
				F08EC74D292029C40057DB90 /* Release */,
			);
			defaultConfigurationIsVisible = 0;
			defaultConfigurationName = Release;
		};
		F08EC74E292029C40057DB90 /* Build configuration list for PBXNativeTarget "GHFollowers" */ = {
			isa = XCConfigurationList;
			buildConfigurations = (
				F08EC74F292029C40057DB90 /* Debug */,
				F08EC750292029C40057DB90 /* Release */,
			);
			defaultConfigurationIsVisible = 0;
			defaultConfigurationName = Release;
		};
/* End XCConfigurationList section */
	};
	rootObject = F08EC732292029C30057DB90 /* Project object */;
}
